{
  "name": "signature",
  "lockfileVersion": 2,
  "requires": true,
  "packages": {
    "": {
      "dependencies": {
        "signature_pad": "^4.1.5"
      }
    },
    "node_modules/signature_pad": {
      "version": "4.1.5",
      "resolved": "https://registry.npmjs.org/signature_pad/-/signature_pad-4.1.5.tgz",
      "integrity": "sha512-VOE846UbQMeLBbcR08KwjwE1wNLgp3gqC7yr/AELkgSMs/BdRpxIZna6K5XyZJpA7IWq9GiInw1C8PLm57VO6Q=="
    }
  },
  "dependencies": {
    "signature_pad": {
      "version": "4.1.5",
      "resolved": "https://registry.npmjs.org/signature_pad/-/signature_pad-4.1.5.tgz",
      "integrity": "sha512-VOE846UbQMeLBbcR08KwjwE1wNLgp3gqC7yr/AELkgSMs/BdRpxIZna6K5XyZJpA7IWq9GiInw1C8PLm57VO6Q=="
    }
  }
}
